
Microsoft Visual Studio Solution File, Format Version 12.00
# Visual Studio Version 17
VisualStudioVersion = 17.4.33122.133
MinimumVisualStudioVersion = 10.0.40219.1
Project("{9A19103F-16F7-4668-BE54-9A1E7A4F7556}") = "TP1_Laboratorio_II", "TP1_Laboratorio_II.csproj", "{DDEF6FCD-053E-405C-8799-17453B5B274A}"
EndProject
Project("{9A19103F-16F7-4668-BE54-9A1E7A4F7556}") = "Modelos", "..\Modelos\Modelos.csproj", "{F17FDE0C-F846-4E28-A547-08CB0E718C0D}"
EndProject
Project("{9A19103F-16F7-4668-BE54-9A1E7A4F7556}") = "Data", "..\Data\Data.csproj", "{172E6305-3D30-4D06-99AC-CA5767BF8F62}"
EndProject
Project("{FAE04EC0-301F-11D3-BF4B-00C04F79EFBC}") = "Controlador", "Controlador\Controlador.csproj", "{8498D4DD-698A-4B7C-9614-BB09E7A55917}"
EndProject
Global
	GlobalSection(SolutionConfigurationPlatforms) = preSolution
		Debug|Any CPU = Debug|Any CPU
		Release|Any CPU = Release|Any CPU
	EndGlobalSection
	GlobalSection(ProjectConfigurationPlatforms) = postSolution
		{DDEF6FCD-053E-405C-8799-17453B5B274A}.Debug|Any CPU.ActiveCfg = Debug|Any CPU
		{DDEF6FCD-053E-405C-8799-17453B5B274A}.Debug|Any CPU.Build.0 = Debug|Any CPU
		{DDEF6FCD-053E-405C-8799-17453B5B274A}.Release|Any CPU.ActiveCfg = Release|Any CPU
		{DDEF6FCD-053E-405C-8799-17453B5B274A}.Release|Any CPU.Build.0 = Release|Any CPU
		{F17FDE0C-F846-4E28-A547-08CB0E718C0D}.Debug|Any CPU.ActiveCfg = Debug|Any CPU
		{F17FDE0C-F846-4E28-A547-08CB0E718C0D}.Debug|Any CPU.Build.0 = Debug|Any CPU
		{F17FDE0C-F846-4E28-A547-08CB0E718C0D}.Release|Any CPU.ActiveCfg = Release|Any CPU
		{F17FDE0C-F846-4E28-A547-08CB0E718C0D}.Release|Any CPU.Build.0 = Release|Any CPU
		{172E6305-3D30-4D06-99AC-CA5767BF8F62}.Debug|Any CPU.ActiveCfg = Debug|Any CPU
		{172E6305-3D30-4D06-99AC-CA5767BF8F62}.Debug|Any CPU.Build.0 = Debug|Any CPU
		{172E6305-3D30-4D06-99AC-CA5767BF8F62}.Release|Any CPU.ActiveCfg = Release|Any CPU
		{172E6305-3D30-4D06-99AC-CA5767BF8F62}.Release|Any CPU.Build.0 = Release|Any CPU
		{8498D4DD-698A-4B7C-9614-BB09E7A55917}.Debug|Any CPU.ActiveCfg = Debug|Any CPU
		{8498D4DD-698A-4B7C-9614-BB09E7A55917}.Debug|Any CPU.Build.0 = Debug|Any CPU
		{8498D4DD-698A-4B7C-9614-BB09E7A55917}.Release|Any CPU.ActiveCfg = Release|Any CPU
		{8498D4DD-698A-4B7C-9614-BB09E7A55917}.Release|Any CPU.Build.0 = Release|Any CPU
	EndGlobalSection
	GlobalSection(SolutionProperties) = preSolution
		HideSolutionNode = FALSE
	EndGlobalSection
	GlobalSection(ExtensibilityGlobals) = postSolution
		SolutionGuid = {9C9C7F1C-8BC1-484E-A8E9-D62D30D572D2}
	EndGlobalSection
EndGlobal
